
Microsoft Visual Studio Solution File, Format Version 12.00
# Visual Studio Version 17
VisualStudioVersion = 17.1.31911.260
MinimumVisualStudioVersion = 10.0.40219.1
Project("{2150E333-8FDC-42A3-9474-1A3956D46DE8}") = "Core", "Core", "{64E9A101-EA8E-41FB-9022-DDD601ACB847}"
	ProjectSection(SolutionItems) = preProject
		.editorconfig = .editorconfig
	EndProjectSection
EndProject
Project("{2150E333-8FDC-42A3-9474-1A3956D46DE8}") = "Tests", "Tests", "{72380FF4-05A9-40F5-8ABD-46B2A572F453}"
EndProject
Project("{9A19103F-16F7-4668-BE54-9A1E7A4F7556}") = "EficazFramework.SPED", "Core\EficazFramework.SPED\EficazFramework.SPED.csproj", "{18E9921C-EF67-421D-A8C4-808FED5810B0}"
EndProject
Project("{9A19103F-16F7-4668-BE54-9A1E7A4F7556}") = "EficazFramework.Tests", "Tests\EficazFramework.Tests\EficazFramework.Tests.csproj", "{1201477B-6BD7-4B26-905B-4DFCCDF3CCE2}"
EndProject
Project("{2150E333-8FDC-42A3-9474-1A3956D46DE8}") = "SolutionScripts", "SolutionScripts", "{53069109-23DF-43BC-9E79-61ADBBB98472}"
	ProjectSection(SolutionItems) = preProject
		SolutionScripts\Tests.psm1 = SolutionScripts\Tests.psm1
	EndProjectSection
EndProject
Global
	GlobalSection(SolutionConfigurationPlatforms) = preSolution
		Debug|Any CPU = Debug|Any CPU
		Release|Any CPU = Release|Any CPU
	EndGlobalSection
	GlobalSection(ProjectConfigurationPlatforms) = postSolution
		{18E9921C-EF67-421D-A8C4-808FED5810B0}.Debug|Any CPU.ActiveCfg = Debug|Any CPU
		{18E9921C-EF67-421D-A8C4-808FED5810B0}.Debug|Any CPU.Build.0 = Debug|Any CPU
		{18E9921C-EF67-421D-A8C4-808FED5810B0}.Release|Any CPU.ActiveCfg = Release|Any CPU
		{18E9921C-EF67-421D-A8C4-808FED5810B0}.Release|Any CPU.Build.0 = Release|Any CPU
		{1201477B-6BD7-4B26-905B-4DFCCDF3CCE2}.Debug|Any CPU.ActiveCfg = Debug|Any CPU
		{1201477B-6BD7-4B26-905B-4DFCCDF3CCE2}.Debug|Any CPU.Build.0 = Debug|Any CPU
		{1201477B-6BD7-4B26-905B-4DFCCDF3CCE2}.Release|Any CPU.ActiveCfg = Release|Any CPU
		{1201477B-6BD7-4B26-905B-4DFCCDF3CCE2}.Release|Any CPU.Build.0 = Release|Any CPU
	EndGlobalSection
	GlobalSection(SolutionProperties) = preSolution
		HideSolutionNode = FALSE
	EndGlobalSection
	GlobalSection(NestedProjects) = preSolution
		{18E9921C-EF67-421D-A8C4-808FED5810B0} = {64E9A101-EA8E-41FB-9022-DDD601ACB847}
		{1201477B-6BD7-4B26-905B-4DFCCDF3CCE2} = {72380FF4-05A9-40F5-8ABD-46B2A572F453}
	EndGlobalSection
	GlobalSection(ExtensibilityGlobals) = postSolution
		SolutionGuid = {727FB557-A5D6-456A-81CB-C45F2F95FCEB}
	EndGlobalSection
EndGlobal
